
Microsoft Visual Studio Solution File, Format Version 12.00
# Visual Studio 15
VisualStudioVersion = 15.0.28307.2017
MinimumVisualStudioVersion = 10.0.40219.1
Project("{FAE04EC0-301F-11D3-BF4B-00C04F79EFBC}") = "ProjectOne", "ProjectOne\ProjectOne.csproj", "{F70E1593-5760-434F-9592-A32662B16E74}"
EndProject
Project("{FAE04EC0-301F-11D3-BF4B-00C04F79EFBC}") = "Business", "Business\Business.csproj", "{3DFE7FDC-D3F4-4052-A228-C0373E964F36}"
EndProject
Project("{FAE04EC0-301F-11D3-BF4B-00C04F79EFBC}") = "Common", "Common\Common.csproj", "{A54ABBF9-5A83-4733-A40C-D065CB8DB62A}"
EndProject
Global
	GlobalSection(SolutionConfigurationPlatforms) = preSolution
		Debug|Any CPU = Debug|Any CPU
		Release|Any CPU = Release|Any CPU
	EndGlobalSection
	GlobalSection(ProjectConfigurationPlatforms) = postSolution
		{F70E1593-5760-434F-9592-A32662B16E74}.Debug|Any CPU.ActiveCfg = Debug|Any CPU
		{F70E1593-5760-434F-9592-A32662B16E74}.Debug|Any CPU.Build.0 = Debug|Any CPU
		{F70E1593-5760-434F-9592-A32662B16E74}.Release|Any CPU.ActiveCfg = Release|Any CPU
		{F70E1593-5760-434F-9592-A32662B16E74}.Release|Any CPU.Build.0 = Release|Any CPU
		{3DFE7FDC-D3F4-4052-A228-C0373E964F36}.Debug|Any CPU.ActiveCfg = Debug|Any CPU
		{3DFE7FDC-D3F4-4052-A228-C0373E964F36}.Debug|Any CPU.Build.0 = Debug|Any CPU
		{3DFE7FDC-D3F4-4052-A228-C0373E964F36}.Release|Any CPU.ActiveCfg = Release|Any CPU
		{3DFE7FDC-D3F4-4052-A228-C0373E964F36}.Release|Any CPU.Build.0 = Release|Any CPU
		{A54ABBF9-5A83-4733-A40C-D065CB8DB62A}.Debug|Any CPU.ActiveCfg = Debug|Any CPU
		{A54ABBF9-5A83-4733-A40C-D065CB8DB62A}.Debug|Any CPU.Build.0 = Debug|Any CPU
		{A54ABBF9-5A83-4733-A40C-D065CB8DB62A}.Release|Any CPU.ActiveCfg = Release|Any CPU
		{A54ABBF9-5A83-4733-A40C-D065CB8DB62A}.Release|Any CPU.Build.0 = Release|Any CPU
	EndGlobalSection
	GlobalSection(SolutionProperties) = preSolution
		HideSolutionNode = FALSE
	EndGlobalSection
	GlobalSection(ExtensibilityGlobals) = postSolution
		SolutionGuid = {8641975E-D26A-45FC-B99E-656201E37989}
	EndGlobalSection
EndGlobal
